// !$*UTF8*$!
{
	archiveVersion = 1;
	classes = {
	};
	objectVersion = 50;
	objects = {

/* Begin PBXBuildFile section */
		36A6FCA823D93B790090D895 /* AppDelegate.swift in Sources */ = {isa = PBXBuildFile; fileRef = 36A6FCA723D93B790090D895 /* AppDelegate.swift */; };
		36A6FCAA23D93B790090D895 /* SceneDelegate.swift in Sources */ = {isa = PBXBuildFile; fileRef = 36A6FCA923D93B790090D895 /* SceneDelegate.swift */; };
		36A6FCAC23D93B790090D895 /* ViewController.swift in Sources */ = {isa = PBXBuildFile; fileRef = 36A6FCAB23D93B790090D895 /* ViewController.swift */; };
		36A6FCAF23D93B790090D895 /* Main.storyboard in Resources */ = {isa = PBXBuildFile; fileRef = 36A6FCAD23D93B790090D895 /* Main.storyboard */; };
		36A6FCB123D93B7D0090D895 /* Assets.xcassets in Resources */ = {isa = PBXBuildFile; fileRef = 36A6FCB023D93B7D0090D895 /* Assets.xcassets */; };
		36A6FCB423D93B7D0090D895 /* LaunchScreen.storyboard in Resources */ = {isa = PBXBuildFile; fileRef = 36A6FCB223D93B7D0090D895 /* LaunchScreen.storyboard */; };
		36A6FCBF23D93B7D0090D895 /* CountryTests.swift in Sources */ = {isa = PBXBuildFile; fileRef = 36A6FCBE23D93B7D0090D895 /* CountryTests.swift */; };
		36A6FCCA23D93B7D0090D895 /* CountryUITests.swift in Sources */ = {isa = PBXBuildFile; fileRef = 36A6FCC923D93B7D0090D895 /* CountryUITests.swift */; };
/* End PBXBuildFile section */

/* Begin PBXContainerItemProxy section */
		36A6FCBB23D93B7D0090D895 /* PBXContainerItemProxy */ = {
			isa = PBXContainerItemProxy;
			containerPortal = 36A6FC9C23D93B780090D895 /* Project object */;
			proxyType = 1;
			remoteGlobalIDString = 36A6FCA323D93B780090D895;
			remoteInfo = Country;
		};
		36A6FCC623D93B7D0090D895 /* PBXContainerItemProxy */ = {
			isa = PBXContainerItemProxy;
			containerPortal = 36A6FC9C23D93B780090D895 /* Project object */;
			proxyType = 1;
			remoteGlobalIDString = 36A6FCA323D93B780090D895;
			remoteInfo = Country;
		};
/* End PBXContainerItemProxy section */

/* Begin PBXFileReference section */
		36A6FCA423D93B780090D895 /* Country.app */ = {isa = PBXFileReference; explicitFileType = wrapper.application; includeInIndex = 0; path = Country.app; sourceTree = BUILT_PRODUCTS_DIR; };
		36A6FCA723D93B790090D895 /* AppDelegate.swift */ = {isa = PBXFileReference; lastKnownFileType = sourcecode.swift; path = AppDelegate.swift; sourceTree = "<group>"; };
		36A6FCA923D93B790090D895 /* SceneDelegate.swift */ = {isa = PBXFileReference; lastKnownFileType = sourcecode.swift; path = SceneDelegate.swift; sourceTree = "<group>"; };
		36A6FCAB23D93B790090D895 /* ViewController.swift */ = {isa = PBXFileReference; lastKnownFileType = sourcecode.swift; path = ViewController.swift; sourceTree = "<group>"; };
		36A6FCAE23D93B790090D895 /* Base */ = {isa = PBXFileReference; lastKnownFileType = file.storyboard; name = Base; path = Base.lproj/Main.storyboard; sourceTree = "<group>"; };
		36A6FCB023D93B7D0090D895 /* Assets.xcassets */ = {isa = PBXFileReference; lastKnownFileType = folder.assetcatalog; path = Assets.xcassets; sourceTree = "<group>"; };
		36A6FCB323D93B7D0090D895 /* Base */ = {isa = PBXFileReference; lastKnownFileType = file.storyboard; name = Base; path = Base.lproj/LaunchScreen.storyboard; sourceTree = "<group>"; };
		36A6FCB523D93B7D0090D895 /* Info.plist */ = {isa = PBXFileReference; lastKnownFileType = text.plist.xml; path = Info.plist; sourceTree = "<group>"; };
		36A6FCBA23D93B7D0090D895 /* CountryTests.xctest */ = {isa = PBXFileReference; explicitFileType = wrapper.cfbundle; includeInIndex = 0; path = CountryTests.xctest; sourceTree = BUILT_PRODUCTS_DIR; };
		36A6FCBE23D93B7D0090D895 /* CountryTests.swift */ = {isa = PBXFileReference; lastKnownFileType = sourcecode.swift; path = CountryTests.swift; sourceTree = "<group>"; };
		36A6FCC023D93B7D0090D895 /* Info.plist */ = {isa = PBXFileReference; lastKnownFileType = text.plist.xml; path = Info.plist; sourceTree = "<group>"; };
		36A6FCC523D93B7D0090D895 /* CountryUITests.xctest */ = {isa = PBXFileReference; explicitFileType = wrapper.cfbundle; includeInIndex = 0; path = CountryUITests.xctest; sourceTree = BUILT_PRODUCTS_DIR; };
		36A6FCC923D93B7D0090D895 /* CountryUITests.swift */ = {isa = PBXFileReference; lastKnownFileType = sourcecode.swift; path = CountryUITests.swift; sourceTree = "<group>"; };
		36A6FCCB23D93B7E0090D895 /* Info.plist */ = {isa = PBXFileReference; lastKnownFileType = text.plist.xml; path = Info.plist; sourceTree = "<group>"; };
/* End PBXFileReference section */

/* Begin PBXFrameworksBuildPhase section */
		36A6FCA123D93B780090D895 /* Frameworks */ = {
			isa = PBXFrameworksBuildPhase;
			buildActionMask = 2147483647;
			files = (
			);
			runOnlyForDeploymentPostprocessing = 0;
		};
		36A6FCB723D93B7D0090D895 /* Frameworks */ = {
			isa = PBXFrameworksBuildPhase;
			buildActionMask = 2147483647;
			files = (
			);
			runOnlyForDeploymentPostprocessing = 0;
		};
		36A6FCC223D93B7D0090D895 /* Frameworks */ = {
			isa = PBXFrameworksBuildPhase;
			buildActionMask = 2147483647;
			files = (
			);
			runOnlyForDeploymentPostprocessing = 0;
		};
/* End PBXFrameworksBuildPhase section */

/* Begin PBXGroup section */
		36A6FC9B23D93B780090D895 = {
			isa = PBXGroup;
			children = (
				36A6FCA623D93B780090D895 /* Country */,
				36A6FCBD23D93B7D0090D895 /* CountryTests */,
				36A6FCC823D93B7D0090D895 /* CountryUITests */,
				36A6FCA523D93B780090D895 /* Products */,
			);
			sourceTree = "<group>";
		};
		36A6FCA523D93B780090D895 /* Products */ = {
			isa = PBXGroup;
			children = (
				36A6FCA423D93B780090D895 /* Country.app */,
				36A6FCBA23D93B7D0090D895 /* CountryTests.xctest */,
				36A6FCC523D93B7D0090D895 /* CountryUITests.xctest */,
			);
			name = Products;
			sourceTree = "<group>";
		};
		36A6FCA623D93B780090D895 /* Country */ = {
			isa = PBXGroup;
			children = (
				36A6FCA723D93B790090D895 /* AppDelegate.swift */,
				36A6FCA923D93B790090D895 /* SceneDelegate.swift */,
				36A6FCAB23D93B790090D895 /* ViewController.swift */,
				36A6FCAD23D93B790090D895 /* Main.storyboard */,
				36A6FCB023D93B7D0090D895 /* Assets.xcassets */,
				36A6FCB223D93B7D0090D895 /* LaunchScreen.storyboard */,
				36A6FCB523D93B7D0090D895 /* Info.plist */,
			);
			path = Country;
			sourceTree = "<group>";
		};
		36A6FCBD23D93B7D0090D895 /* CountryTests */ = {
			isa = PBXGroup;
			children = (
				36A6FCBE23D93B7D0090D895 /* CountryTests.swift */,
				36A6FCC023D93B7D0090D895 /* Info.plist */,
			);
			path = CountryTests;
			sourceTree = "<group>";
		};
		36A6FCC823D93B7D0090D895 /* CountryUITests */ = {
			isa = PBXGroup;
			children = (
				36A6FCC923D93B7D0090D895 /* CountryUITests.swift */,
				36A6FCCB23D93B7E0090D895 /* Info.plist */,
			);
			path = CountryUITests;
			sourceTree = "<group>";
		};
/* End PBXGroup section */

/* Begin PBXNativeTarget section */
		36A6FCA323D93B780090D895 /* Country */ = {
			isa = PBXNativeTarget;
			buildConfigurationList = 36A6FCCE23D93B7E0090D895 /* Build configuration list for PBXNativeTarget "Country" */;
			buildPhases = (
				36A6FCA023D93B780090D895 /* Sources */,
				36A6FCA123D93B780090D895 /* Frameworks */,
				36A6FCA223D93B780090D895 /* Resources */,
			);
			buildRules = (
			);
			dependencies = (
			);
			name = Country;
			productName = Country;
			productReference = 36A6FCA423D93B780090D895 /* Country.app */;
			productType = "com.apple.product-type.application";
		};
		36A6FCB923D93B7D0090D895 /* CountryTests */ = {
			isa = PBXNativeTarget;
			buildConfigurationList = 36A6FCD123D93B7E0090D895 /* Build configuration list for PBXNativeTarget "CountryTests" */;
			buildPhases = (
				36A6FCB623D93B7D0090D895 /* Sources */,
				36A6FCB723D93B7D0090D895 /* Frameworks */,
				36A6FCB823D93B7D0090D895 /* Resources */,
			);
			buildRules = (
			);
			dependencies = (
				36A6FCBC23D93B7D0090D895 /* PBXTargetDependency */,
			);
			name = CountryTests;
			productName = CountryTests;
			productReference = 36A6FCBA23D93B7D0090D895 /* CountryTests.xctest */;
			productType = "com.apple.product-type.bundle.unit-test";
		};
		36A6FCC423D93B7D0090D895 /* CountryUITests */ = {
			isa = PBXNativeTarget;
			buildConfigurationList = 36A6FCD423D93B7E0090D895 /* Build configuration list for PBXNativeTarget "CountryUITests" */;
			buildPhases = (
				36A6FCC123D93B7D0090D895 /* Sources */,
				36A6FCC223D93B7D0090D895 /* Frameworks */,
				36A6FCC323D93B7D0090D895 /* Resources */,
			);
			buildRules = (
			);
			dependencies = (
				36A6FCC723D93B7D0090D895 /* PBXTargetDependency */,
			);
			name = CountryUITests;
			productName = CountryUITests;
			productReference = 36A6FCC523D93B7D0090D895 /* CountryUITests.xctest */;
			productType = "com.apple.product-type.bundle.ui-testing";
		};
/* End PBXNativeTarget section */

/* Begin PBXProject section */
		36A6FC9C23D93B780090D895 /* Project object */ = {
			isa = PBXProject;
			attributes = {
				LastSwiftUpdateCheck = 1130;
				LastUpgradeCheck = 1130;
				ORGANIZATIONNAME = "Mark Anthony Fernandez";
				TargetAttributes = {
					36A6FCA323D93B780090D895 = {
						CreatedOnToolsVersion = 11.3;
					};
					36A6FCB923D93B7D0090D895 = {
						CreatedOnToolsVersion = 11.3;
						TestTargetID = 36A6FCA323D93B780090D895;
					};
					36A6FCC423D93B7D0090D895 = {
						CreatedOnToolsVersion = 11.3;
						TestTargetID = 36A6FCA323D93B780090D895;
					};
				};
			};
			buildConfigurationList = 36A6FC9F23D93B780090D895 /* Build configuration list for PBXProject "Country" */;
			compatibilityVersion = "Xcode 9.3";
			developmentRegion = en;
			hasScannedForEncodings = 0;
			knownRegions = (
				en,
				Base,
			);
			mainGroup = 36A6FC9B23D93B780090D895;
			productRefGroup = 36A6FCA523D93B780090D895 /* Products */;
			projectDirPath = "";
			projectRoot = "";
			targets = (
				36A6FCA323D93B780090D895 /* Country */,
				36A6FCB923D93B7D0090D895 /* CountryTests */,
				36A6FCC423D93B7D0090D895 /* CountryUITests */,
			);
		};
/* End PBXProject section */

/* Begin PBXResourcesBuildPhase section */
		36A6FCA223D93B780090D895 /* Resources */ = {
			isa = PBXResourcesBuildPhase;
			buildActionMask = 2147483647;
			files = (
				36A6FCB423D93B7D0090D895 /* LaunchScreen.storyboard in Resources */,
				36A6FCB123D93B7D0090D895 /* Assets.xcassets in Resources */,
				36A6FCAF23D93B790090D895 /* Main.storyboard in Resources */,
			);
			runOnlyForDeploymentPostprocessing = 0;
		};
		36A6FCB823D93B7D0090D895 /* Resources */ = {
			isa = PBXResourcesBuildPhase;
			buildActionMask = 2147483647;
			files = (
			);
			runOnlyForDeploymentPostprocessing = 0;
		};
		36A6FCC323D93B7D0090D895 /* Resources */ = {
			isa = PBXResourcesBuildPhase;
			buildActionMask = 2147483647;
			files = (
			);
			runOnlyForDeploymentPostprocessing = 0;
		};
/* End PBXResourcesBuildPhase section */

/* Begin PBXSourcesBuildPhase section */
		36A6FCA023D93B780090D895 /* Sources */ = {
			isa = PBXSourcesBuildPhase;
			buildActionMask = 2147483647;
			files = (
				36A6FCAC23D93B790090D895 /* ViewController.swift in Sources */,
				36A6FCA823D93B790090D895 /* AppDelegate.swift in Sources */,
				36A6FCAA23D93B790090D895 /* SceneDelegate.swift in Sources */,
			);
			runOnlyForDeploymentPostprocessing = 0;
		};
		36A6FCB623D93B7D0090D895 /* Sources */ = {
			isa = PBXSourcesBuildPhase;
			buildActionMask = 2147483647;
			files = (
				36A6FCBF23D93B7D0090D895 /* CountryTests.swift in Sources */,
			);
			runOnlyForDeploymentPostprocessing = 0;
		};
		36A6FCC123D93B7D0090D895 /* Sources */ = {
			isa = PBXSourcesBuildPhase;
			buildActionMask = 2147483647;
			files = (
				36A6FCCA23D93B7D0090D895 /* CountryUITests.swift in Sources */,
			);
			runOnlyForDeploymentPostprocessing = 0;
		};
/* End PBXSourcesBuildPhase section */

/* Begin PBXTargetDependency section */
		36A6FCBC23D93B7D0090D895 /* PBXTargetDependency */ = {
			isa = PBXTargetDependency;
			target = 36A6FCA323D93B780090D895 /* Country */;
			targetProxy = 36A6FCBB23D93B7D0090D895 /* PBXContainerItemProxy */;
		};
		36A6FCC723D93B7D0090D895 /* PBXTargetDependency */ = {
			isa = PBXTargetDependency;
			target = 36A6FCA323D93B780090D895 /* Country */;
			targetProxy = 36A6FCC623D93B7D0090D895 /* PBXContainerItemProxy */;
		};
/* End PBXTargetDependency section */

/* Begin PBXVariantGroup section */
		36A6FCAD23D93B790090D895 /* Main.storyboard */ = {
			isa = PBXVariantGroup;
			children = (
				36A6FCAE23D93B790090D895 /* Base */,
			);
			name = Main.storyboard;
			sourceTree = "<group>";
		};
		36A6FCB223D93B7D0090D895 /* LaunchScreen.storyboard */ = {
			isa = PBXVariantGroup;
			children = (
				36A6FCB323D93B7D0090D895 /* Base */,
			);
			name = LaunchScreen.storyboard;
			sourceTree = "<group>";
		};
/* End PBXVariantGroup section */

/* Begin XCBuildConfiguration section */
		36A6FCCC23D93B7E0090D895 /* Debug */ = {
			isa = XCBuildConfiguration;
			buildSettings = {
				ALWAYS_SEARCH_USER_PATHS = NO;
				CLANG_ANALYZER_NONNULL = YES;
				CLANG_ANALYZER_NUMBER_OBJECT_CONVERSION = YES_AGGRESSIVE;
				CLANG_CXX_LANGUAGE_STANDARD = "gnu++14";
				CLANG_CXX_LIBRARY = "libc++";
				CLANG_ENABLE_MODULES = YES;
				CLANG_ENABLE_OBJC_ARC = YES;
				CLANG_ENABLE_OBJC_WEAK = YES;
				CLANG_WARN_BLOCK_CAPTURE_AUTORELEASING = YES;
				CLANG_WARN_BOOL_CONVERSION = YES;
				CLANG_WARN_COMMA = YES;
				CLANG_WARN_CONSTANT_CONVERSION = YES;
				CLANG_WARN_DEPRECATED_OBJC_IMPLEMENTATIONS = YES;
				CLANG_WARN_DIRECT_OBJC_ISA_USAGE = YES_ERROR;
				CLANG_WARN_DOCUMENTATION_COMMENTS = YES;
				CLANG_WARN_EMPTY_BODY = YES;
				CLANG_WARN_ENUM_CONVERSION = YES;
				CLANG_WARN_INFINITE_RECURSION = YES;
				CLANG_WARN_INT_CONVERSION = YES;
				CLANG_WARN_NON_LITERAL_NULL_CONVERSION = YES;
				CLANG_WARN_OBJC_IMPLICIT_RETAIN_SELF = YES;
				CLANG_WARN_OBJC_LITERAL_CONVERSION = YES;
				CLANG_WARN_OBJC_ROOT_CLASS = YES_ERROR;
				CLANG_WARN_RANGE_LOOP_ANALYSIS = YES;
				CLANG_WARN_STRICT_PROTOTYPES = YES;
				CLANG_WARN_SUSPICIOUS_MOVE = YES;
				CLANG_WARN_UNGUARDED_AVAILABILITY = YES_AGGRESSIVE;
				CLANG_WARN_UNREACHABLE_CODE = YES;
				CLANG_WARN__DUPLICATE_METHOD_MATCH = YES;
				COPY_PHASE_STRIP = NO;
				DEBUG_INFORMATION_FORMAT = dwarf;
				ENABLE_STRICT_OBJC_MSGSEND = YES;
				ENABLE_TESTABILITY = YES;
				GCC_C_LANGUAGE_STANDARD = gnu11;
				GCC_DYNAMIC_NO_PIC = NO;
				GCC_NO_COMMON_BLOCKS = YES;
				GCC_OPTIMIZATION_LEVEL = 0;
				GCC_PREPROCESSOR_DEFINITIONS = (
					"DEBUG=1",
					"$(inherited)",
				);
				GCC_WARN_64_TO_32_BIT_CONVERSION = YES;
				GCC_WARN_ABOUT_RETURN_TYPE = YES_ERROR;
				GCC_WARN_UNDECLARED_SELECTOR = YES;
				GCC_WARN_UNINITIALIZED_AUTOS = YES_AGGRESSIVE;
				GCC_WARN_UNUSED_FUNCTION = YES;
				GCC_WARN_UNUSED_VARIABLE = YES;
				IPHONEOS_DEPLOYMENT_TARGET = 13.2;
				MTL_ENABLE_DEBUG_INFO = INCLUDE_SOURCE;
				MTL_FAST_MATH = YES;
				ONLY_ACTIVE_ARCH = YES;
				SDKROOT = iphoneos;
				SWIFT_ACTIVE_COMPILATION_CONDITIONS = DEBUG;
				SWIFT_OPTIMIZATION_LEVEL = "-Onone";
			};
			name = Debug;
		};
		36A6FCCD23D93B7E0090D895 /* Release */ = {
			isa = XCBuildConfiguration;
			buildSettings = {
				ALWAYS_SEARCH_USER_PATHS = NO;
				CLANG_ANALYZER_NONNULL = YES;
				CLANG_ANALYZER_NUMBER_OBJECT_CONVERSION = YES_AGGRESSIVE;
				CLANG_CXX_LANGUAGE_STANDARD = "gnu++14";
				CLANG_CXX_LIBRARY = "libc++";
				CLANG_ENABLE_MODULES = YES;
				CLANG_ENABLE_OBJC_ARC = YES;
				CLANG_ENABLE_OBJC_WEAK = YES;
				CLANG_WARN_BLOCK_CAPTURE_AUTORELEASING = YES;
				CLANG_WARN_BOOL_CONVERSION = YES;
				CLANG_WARN_COMMA = YES;
				CLANG_WARN_CONSTANT_CONVERSION = YES;
				CLANG_WARN_DEPRECATED_OBJC_IMPLEMENTATIONS = YES;
				CLANG_WARN_DIRECT_OBJC_ISA_USAGE = YES_ERROR;
				CLANG_WARN_DOCUMENTATION_COMMENTS = YES;
				CLANG_WARN_EMPTY_BODY = YES;
				CLANG_WARN_ENUM_CONVERSION = YES;
				CLANG_WARN_INFINITE_RECURSION = YES;
				CLANG_WARN_INT_CONVERSION = YES;
				CLANG_WARN_NON_LITERAL_NULL_CONVERSION = YES;
				CLANG_WARN_OBJC_IMPLICIT_RETAIN_SELF = YES;
				CLANG_WARN_OBJC_LITERAL_CONVERSION = YES;
				CLANG_WARN_OBJC_ROOT_CLASS = YES_ERROR;
				CLANG_WARN_RANGE_LOOP_ANALYSIS = YES;
				CLANG_WARN_STRICT_PROTOTYPES = YES;
				CLANG_WARN_SUSPICIOUS_MOVE = YES;
				CLANG_WARN_UNGUARDED_AVAILABILITY = YES_AGGRESSIVE;
				CLANG_WARN_UNREACHABLE_CODE = YES;
				CLANG_WARN__DUPLICATE_METHOD_MATCH = YES;
				COPY_PHASE_STRIP = NO;
				DEBUG_INFORMATION_FORMAT = "dwarf-with-dsym";
				ENABLE_NS_ASSERTIONS = NO;
				ENABLE_STRICT_OBJC_MSGSEND = YES;
				GCC_C_LANGUAGE_STANDARD = gnu11;
				GCC_NO_COMMON_BLOCKS = YES;
				GCC_WARN_64_TO_32_BIT_CONVERSION = YES;
				GCC_WARN_ABOUT_RETURN_TYPE = YES_ERROR;
				GCC_WARN_UNDECLARED_SELECTOR = YES;
				GCC_WARN_UNINITIALIZED_AUTOS = YES_AGGRESSIVE;
				GCC_WARN_UNUSED_FUNCTION = YES;
				GCC_WARN_UNUSED_VARIABLE = YES;
				IPHONEOS_DEPLOYMENT_TARGET = 13.2;
				MTL_ENABLE_DEBUG_INFO = NO;
				MTL_FAST_MATH = YES;
				SDKROOT = iphoneos;
				SWIFT_COMPILATION_MODE = wholemodule;
				SWIFT_OPTIMIZATION_LEVEL = "-O";
				VALIDATE_PRODUCT = YES;
			};
			name = Release;
		};
		36A6FCCF23D93B7E0090D895 /* Debug */ = {
			isa = XCBuildConfiguration;
			buildSettings = {
				ASSETCATALOG_COMPILER_APPICON_NAME = AppIcon;
				CODE_SIGN_STYLE = Automatic;
				DEVELOPMENT_TEAM = 78JP3UM8Q7;
				INFOPLIST_FILE = Country/Info.plist;
				LD_RUNPATH_SEARCH_PATHS = (
					"$(inherited)",
					"@executable_path/Frameworks",
				);
				PRODUCT_BUNDLE_IDENTIFIER = com.mark.sample.Country;
				PRODUCT_NAME = "$(TARGET_NAME)";
				SWIFT_VERSION = 5.0;
				TARGETED_DEVICE_FAMILY = "1,2";
			};
			name = Debug;
		};
		36A6FCD023D93B7E0090D895 /* Release */ = {
			isa = XCBuildConfiguration;
			buildSettings = {
				ASSETCATALOG_COMPILER_APPICON_NAME = AppIcon;
				CODE_SIGN_STYLE = Automatic;
				DEVELOPMENT_TEAM = 78JP3UM8Q7;
				INFOPLIST_FILE = Country/Info.plist;
				LD_RUNPATH_SEARCH_PATHS = (
					"$(inherited)",
					"@executable_path/Frameworks",
				);
				PRODUCT_BUNDLE_IDENTIFIER = com.mark.sample.Country;
				PRODUCT_NAME = "$(TARGET_NAME)";
				SWIFT_VERSION = 5.0;
				TARGETED_DEVICE_FAMILY = "1,2";
			};
			name = Release;
		};
		36A6FCD223D93B7E0090D895 /* Debug */ = {
			isa = XCBuildConfiguration;
			buildSettings = {
				ALWAYS_EMBED_SWIFT_STANDARD_LIBRARIES = YES;
				BUNDLE_LOADER = "$(TEST_HOST)";
				CODE_SIGN_STYLE = Automatic;
				DEVELOPMENT_TEAM = 78JP3UM8Q7;
				INFOPLIST_FILE = CountryTests/Info.plist;
				IPHONEOS_DEPLOYMENT_TARGET = 13.2;
				LD_RUNPATH_SEARCH_PATHS = (
					"$(inherited)",
					"@executable_path/Frameworks",
					"@loader_path/Frameworks",
				);
				PRODUCT_BUNDLE_IDENTIFIER = com.mark.sample.CountryTests;
				PRODUCT_NAME = "$(TARGET_NAME)";
				SWIFT_VERSION = 5.0;
				TARGETED_DEVICE_FAMILY = "1,2";
				TEST_HOST = "$(BUILT_PRODUCTS_DIR)/Country.app/Country";
			};
			name = Debug;
		};
		36A6FCD323D93B7E0090D895 /* Release */ = {
			isa = XCBuildConfiguration;
			buildSettings = {
				ALWAYS_EMBED_SWIFT_STANDARD_LIBRARIES = YES;
				BUNDLE_LOADER = "$(TEST_HOST)";
				CODE_SIGN_STYLE = Automatic;
				DEVELOPMENT_TEAM = 78JP3UM8Q7;
				INFOPLIST_FILE = CountryTests/Info.plist;
				IPHONEOS_DEPLOYMENT_TARGET = 13.2;
				LD_RUNPATH_SEARCH_PATHS = (
					"$(inherited)",
					"@executable_path/Frameworks",
					"@loader_path/Frameworks",
				);
				PRODUCT_BUNDLE_IDENTIFIER = com.mark.sample.CountryTests;
				PRODUCT_NAME = "$(TARGET_NAME)";
				SWIFT_VERSION = 5.0;
				TARGETED_DEVICE_FAMILY = "1,2";
				TEST_HOST = "$(BUILT_PRODUCTS_DIR)/Country.app/Country";
			};
			name = Release;
		};
		36A6FCD523D93B7E0090D895 /* Debug */ = {
			isa = XCBuildConfiguration;
			buildSettings = {
				ALWAYS_EMBED_SWIFT_STANDARD_LIBRARIES = YES;
				CODE_SIGN_STYLE = Automatic;
				DEVELOPMENT_TEAM = 78JP3UM8Q7;
				INFOPLIST_FILE = CountryUITests/Info.plist;
				LD_RUNPATH_SEARCH_PATHS = (
					"$(inherited)",
					"@executable_path/Frameworks",
					"@loader_path/Frameworks",
				);
				PRODUCT_BUNDLE_IDENTIFIER = com.mark.sample.CountryUITests;
				PRODUCT_NAME = "$(TARGET_NAME)";
				SWIFT_VERSION = 5.0;
				TARGETED_DEVICE_FAMILY = "1,2";
				TEST_TARGET_NAME = Country;
			};
			name = Debug;
		};
		36A6FCD623D93B7E0090D895 /* Release */ = {
			isa = XCBuildConfiguration;
			buildSettings = {
				ALWAYS_EMBED_SWIFT_STANDARD_LIBRARIES = YES;
				CODE_SIGN_STYLE = Automatic;
				DEVELOPMENT_TEAM = 78JP3UM8Q7;
				INFOPLIST_FILE = CountryUITests/Info.plist;
				LD_RUNPATH_SEARCH_PATHS = (
					"$(inherited)",
					"@executable_path/Frameworks",
					"@loader_path/Frameworks",
				);
				PRODUCT_BUNDLE_IDENTIFIER = com.mark.sample.CountryUITests;
				PRODUCT_NAME = "$(TARGET_NAME)";
				SWIFT_VERSION = 5.0;
				TARGETED_DEVICE_FAMILY = "1,2";
				TEST_TARGET_NAME = Country;
			};
			name = Release;
		};
/* End XCBuildConfiguration section */

/* Begin XCConfigurationList section */
		36A6FC9F23D93B780090D895 /* Build configuration list for PBXProject "Country" */ = {
			isa = XCConfigurationList;
			buildConfigurations = (
				36A6FCCC23D93B7E0090D895 /* Debug */,
				36A6FCCD23D93B7E0090D895 /* Release */,
			);
			defaultConfigurationIsVisible = 0;
			defaultConfigurationName = Release;
		};
		36A6FCCE23D93B7E0090D895 /* Build configuration list for PBXNativeTarget "Country" */ = {
			isa = XCConfigurationList;
			buildConfigurations = (
				36A6FCCF23D93B7E0090D895 /* Debug */,
				36A6FCD023D93B7E0090D895 /* Release */,
			);
			defaultConfigurationIsVisible = 0;
			defaultConfigurationName = Release;
		};
		36A6FCD123D93B7E0090D895 /* Build configuration list for PBXNativeTarget "CountryTests" */ = {
			isa = XCConfigurationList;
			buildConfigurations = (
				36A6FCD223D93B7E0090D895 /* Debug */,
				36A6FCD323D93B7E0090D895 /* Release */,
			);
			defaultConfigurationIsVisible = 0;
			defaultConfigurationName = Release;
		};
		36A6FCD423D93B7E0090D895 /* Build configuration list for PBXNativeTarget "CountryUITests" */ = {
			isa = XCConfigurationList;
			buildConfigurations = (
				36A6FCD523D93B7E0090D895 /* Debug */,
				36A6FCD623D93B7E0090D895 /* Release */,
			);
			defaultConfigurationIsVisible = 0;
			defaultConfigurationName = Release;
		};
/* End XCConfigurationList section */
	};
	rootObject = 36A6FC9C23D93B780090D895 /* Project object */;
}
