// !$*UTF8*$!
{
	archiveVersion = 1;
	classes = {
	};
	objectVersion = 51;
	objects = {

/* Begin PBXBuildFile section */
		26E6C3FC04CFBC4563303ECA /* Pods_CountryTests.framework in Frameworks */ = {isa = PBXBuildFile; fileRef = 51824DFDFA1787038B36EF4C /* Pods_CountryTests.framework */; };
		3624A3DD23D9693600940963 /* Extension_LanguageFeatures.swift in Sources */ = {isa = PBXBuildFile; fileRef = 3624A3DC23D9693600940963 /* Extension_LanguageFeatures.swift */; };
		3624A3DF23D969DF00940963 /* Extension_UIFont.swift in Sources */ = {isa = PBXBuildFile; fileRef = 3624A3DE23D969DF00940963 /* Extension_UIFont.swift */; };
		3624A3E123D96A6F00940963 /* Extension_UIView.swift in Sources */ = {isa = PBXBuildFile; fileRef = 3624A3E023D96A6F00940963 /* Extension_UIView.swift */; };
		36A6FCA823D93B790090D895 /* AppDelegate.swift in Sources */ = {isa = PBXBuildFile; fileRef = 36A6FCA723D93B790090D895 /* AppDelegate.swift */; };
		36A6FCBF23D93B7D0090D895 /* CountryTests.swift in Sources */ = {isa = PBXBuildFile; fileRef = 36A6FCBE23D93B7D0090D895 /* CountryTests.swift */; };
		36A6FCCA23D93B7D0090D895 /* CountryUITests.swift in Sources */ = {isa = PBXBuildFile; fileRef = 36A6FCC923D93B7D0090D895 /* CountryUITests.swift */; };
		36B5CE4A23D9433100554582 /* SearchCountryRouter.swift in Sources */ = {isa = PBXBuildFile; fileRef = 36B5CE4623D9433100554582 /* SearchCountryRouter.swift */; };
		36B5CE4B23D9433100554582 /* SearchCountryViewController.swift in Sources */ = {isa = PBXBuildFile; fileRef = 36B5CE4723D9433100554582 /* SearchCountryViewController.swift */; };
		36B5CE4C23D9433100554582 /* SearchCountryBuilder.swift in Sources */ = {isa = PBXBuildFile; fileRef = 36B5CE4823D9433100554582 /* SearchCountryBuilder.swift */; };
		36B5CE4D23D9433100554582 /* SearchCountryInteractor.swift in Sources */ = {isa = PBXBuildFile; fileRef = 36B5CE4923D9433100554582 /* SearchCountryInteractor.swift */; };
		36B5CE5123D9455600554582 /* AppComponent.swift in Sources */ = {isa = PBXBuildFile; fileRef = 36B5CE5023D9455600554582 /* AppComponent.swift */; };
		36E551C523D9717E00E405BB /* Images.xcassets in Resources */ = {isa = PBXBuildFile; fileRef = 36E551C423D9717E00E405BB /* Images.xcassets */; };
		36E551C923D978E400E405BB /* Country.swift in Sources */ = {isa = PBXBuildFile; fileRef = 36E551C823D978E400E405BB /* Country.swift */; };
		36E551CB23D9803F00E405BB /* CountryService.swift in Sources */ = {isa = PBXBuildFile; fileRef = 36E551CA23D9803F00E405BB /* CountryService.swift */; };
		36E551CD23DA64DC00E405BB /* Extension_Data.swift in Sources */ = {isa = PBXBuildFile; fileRef = 36E551CC23DA64DB00E405BB /* Extension_Data.swift */; };
		36E551CF23DA66FF00E405BB /* ErrorResponse.swift in Sources */ = {isa = PBXBuildFile; fileRef = 36E551CE23DA66FF00E405BB /* ErrorResponse.swift */; };
		36E551D123DA99B700E405BB /* Extension_UIImageView.swift in Sources */ = {isa = PBXBuildFile; fileRef = 36E551D023DA99B700E405BB /* Extension_UIImageView.swift */; };
		36E551D623DAAE2700E405BB /* Nunito-Regular.ttf in Resources */ = {isa = PBXBuildFile; fileRef = 36E551D423DAAE2700E405BB /* Nunito-Regular.ttf */; };
		36E551D723DAAE2700E405BB /* Nunito-Bold.ttf in Resources */ = {isa = PBXBuildFile; fileRef = 36E551D523DAAE2700E405BB /* Nunito-Bold.ttf */; };
		708DE3465BD2064D0FB9506D /* Pods_Country_CountryUITests.framework in Frameworks */ = {isa = PBXBuildFile; fileRef = 4ECDD64D24092966C2349DD9 /* Pods_Country_CountryUITests.framework */; };
		80E95D1FFC637EED09ECB292 /* Pods_Country.framework in Frameworks */ = {isa = PBXBuildFile; fileRef = B7C80AE22438306236A9CAFD /* Pods_Country.framework */; };
/* End PBXBuildFile section */

/* Begin PBXContainerItemProxy section */
		36A6FCBB23D93B7D0090D895 /* PBXContainerItemProxy */ = {
			isa = PBXContainerItemProxy;
			containerPortal = 36A6FC9C23D93B780090D895 /* Project object */;
			proxyType = 1;
			remoteGlobalIDString = 36A6FCA323D93B780090D895;
			remoteInfo = Country;
		};
		36A6FCC623D93B7D0090D895 /* PBXContainerItemProxy */ = {
			isa = PBXContainerItemProxy;
			containerPortal = 36A6FC9C23D93B780090D895 /* Project object */;
			proxyType = 1;
			remoteGlobalIDString = 36A6FCA323D93B780090D895;
			remoteInfo = Country;
		};
/* End PBXContainerItemProxy section */

/* Begin PBXFileReference section */
		14228477AC760E4BECD2E600 /* Pods-Country-CountryUITests.debug.xcconfig */ = {isa = PBXFileReference; includeInIndex = 1; lastKnownFileType = text.xcconfig; name = "Pods-Country-CountryUITests.debug.xcconfig"; path = "Target Support Files/Pods-Country-CountryUITests/Pods-Country-CountryUITests.debug.xcconfig"; sourceTree = "<group>"; };
		2DAE69915802183299BD64C6 /* Pods-CountryTests.release.xcconfig */ = {isa = PBXFileReference; includeInIndex = 1; lastKnownFileType = text.xcconfig; name = "Pods-CountryTests.release.xcconfig"; path = "Target Support Files/Pods-CountryTests/Pods-CountryTests.release.xcconfig"; sourceTree = "<group>"; };
		3624A3DC23D9693600940963 /* Extension_LanguageFeatures.swift */ = {isa = PBXFileReference; lastKnownFileType = sourcecode.swift; path = Extension_LanguageFeatures.swift; sourceTree = "<group>"; };
		3624A3DE23D969DF00940963 /* Extension_UIFont.swift */ = {isa = PBXFileReference; lastKnownFileType = sourcecode.swift; path = Extension_UIFont.swift; sourceTree = "<group>"; };
		3624A3E023D96A6F00940963 /* Extension_UIView.swift */ = {isa = PBXFileReference; lastKnownFileType = sourcecode.swift; path = Extension_UIView.swift; sourceTree = "<group>"; };
		36A6FCA423D93B780090D895 /* Country.app */ = {isa = PBXFileReference; explicitFileType = wrapper.application; includeInIndex = 0; path = Country.app; sourceTree = BUILT_PRODUCTS_DIR; };
		36A6FCA723D93B790090D895 /* AppDelegate.swift */ = {isa = PBXFileReference; lastKnownFileType = sourcecode.swift; path = AppDelegate.swift; sourceTree = "<group>"; };
		36A6FCB523D93B7D0090D895 /* Info.plist */ = {isa = PBXFileReference; lastKnownFileType = text.plist.xml; path = Info.plist; sourceTree = "<group>"; };
		36A6FCBA23D93B7D0090D895 /* CountryTests.xctest */ = {isa = PBXFileReference; explicitFileType = wrapper.cfbundle; includeInIndex = 0; path = CountryTests.xctest; sourceTree = BUILT_PRODUCTS_DIR; };
		36A6FCBE23D93B7D0090D895 /* CountryTests.swift */ = {isa = PBXFileReference; lastKnownFileType = sourcecode.swift; path = CountryTests.swift; sourceTree = "<group>"; };
		36A6FCC023D93B7D0090D895 /* Info.plist */ = {isa = PBXFileReference; lastKnownFileType = text.plist.xml; path = Info.plist; sourceTree = "<group>"; };
		36A6FCC523D93B7D0090D895 /* CountryUITests.xctest */ = {isa = PBXFileReference; explicitFileType = wrapper.cfbundle; includeInIndex = 0; path = CountryUITests.xctest; sourceTree = BUILT_PRODUCTS_DIR; };
		36A6FCC923D93B7D0090D895 /* CountryUITests.swift */ = {isa = PBXFileReference; lastKnownFileType = sourcecode.swift; path = CountryUITests.swift; sourceTree = "<group>"; };
		36A6FCCB23D93B7E0090D895 /* Info.plist */ = {isa = PBXFileReference; lastKnownFileType = text.plist.xml; path = Info.plist; sourceTree = "<group>"; };
		36B5CE4623D9433100554582 /* SearchCountryRouter.swift */ = {isa = PBXFileReference; lastKnownFileType = sourcecode.swift; path = SearchCountryRouter.swift; sourceTree = "<group>"; };
		36B5CE4723D9433100554582 /* SearchCountryViewController.swift */ = {isa = PBXFileReference; lastKnownFileType = sourcecode.swift; path = SearchCountryViewController.swift; sourceTree = "<group>"; };
		36B5CE4823D9433100554582 /* SearchCountryBuilder.swift */ = {isa = PBXFileReference; lastKnownFileType = sourcecode.swift; path = SearchCountryBuilder.swift; sourceTree = "<group>"; };
		36B5CE4923D9433100554582 /* SearchCountryInteractor.swift */ = {isa = PBXFileReference; lastKnownFileType = sourcecode.swift; path = SearchCountryInteractor.swift; sourceTree = "<group>"; };
		36B5CE5023D9455600554582 /* AppComponent.swift */ = {isa = PBXFileReference; lastKnownFileType = sourcecode.swift; path = AppComponent.swift; sourceTree = "<group>"; };
		36E551C423D9717E00E405BB /* Images.xcassets */ = {isa = PBXFileReference; lastKnownFileType = folder.assetcatalog; path = Images.xcassets; sourceTree = "<group>"; };
		36E551C823D978E400E405BB /* Country.swift */ = {isa = PBXFileReference; lastKnownFileType = sourcecode.swift; path = Country.swift; sourceTree = "<group>"; };
		36E551CA23D9803F00E405BB /* CountryService.swift */ = {isa = PBXFileReference; lastKnownFileType = sourcecode.swift; path = CountryService.swift; sourceTree = "<group>"; };
		36E551CC23DA64DB00E405BB /* Extension_Data.swift */ = {isa = PBXFileReference; lastKnownFileType = sourcecode.swift; path = Extension_Data.swift; sourceTree = "<group>"; };
		36E551CE23DA66FF00E405BB /* ErrorResponse.swift */ = {isa = PBXFileReference; lastKnownFileType = sourcecode.swift; path = ErrorResponse.swift; sourceTree = "<group>"; };
		36E551D023DA99B700E405BB /* Extension_UIImageView.swift */ = {isa = PBXFileReference; lastKnownFileType = sourcecode.swift; path = Extension_UIImageView.swift; sourceTree = "<group>"; };
		36E551D423DAAE2700E405BB /* Nunito-Regular.ttf */ = {isa = PBXFileReference; lastKnownFileType = file; path = "Nunito-Regular.ttf"; sourceTree = "<group>"; };
		36E551D523DAAE2700E405BB /* Nunito-Bold.ttf */ = {isa = PBXFileReference; lastKnownFileType = file; path = "Nunito-Bold.ttf"; sourceTree = "<group>"; };
		4ECDD64D24092966C2349DD9 /* Pods_Country_CountryUITests.framework */ = {isa = PBXFileReference; explicitFileType = wrapper.framework; includeInIndex = 0; path = Pods_Country_CountryUITests.framework; sourceTree = BUILT_PRODUCTS_DIR; };
		50564E3829C9786095471BCA /* Pods-Country.release.xcconfig */ = {isa = PBXFileReference; includeInIndex = 1; lastKnownFileType = text.xcconfig; name = "Pods-Country.release.xcconfig"; path = "Target Support Files/Pods-Country/Pods-Country.release.xcconfig"; sourceTree = "<group>"; };
		51824DFDFA1787038B36EF4C /* Pods_CountryTests.framework */ = {isa = PBXFileReference; explicitFileType = wrapper.framework; includeInIndex = 0; path = Pods_CountryTests.framework; sourceTree = BUILT_PRODUCTS_DIR; };
		583D8A2FCA57FD33C0765324 /* Pods-Country.debug.xcconfig */ = {isa = PBXFileReference; includeInIndex = 1; lastKnownFileType = text.xcconfig; name = "Pods-Country.debug.xcconfig"; path = "Target Support Files/Pods-Country/Pods-Country.debug.xcconfig"; sourceTree = "<group>"; };
		5F7151D471DC4A8E8EC85546 /* Pods-Country-CountryUITests.release.xcconfig */ = {isa = PBXFileReference; includeInIndex = 1; lastKnownFileType = text.xcconfig; name = "Pods-Country-CountryUITests.release.xcconfig"; path = "Target Support Files/Pods-Country-CountryUITests/Pods-Country-CountryUITests.release.xcconfig"; sourceTree = "<group>"; };
		B7C80AE22438306236A9CAFD /* Pods_Country.framework */ = {isa = PBXFileReference; explicitFileType = wrapper.framework; includeInIndex = 0; path = Pods_Country.framework; sourceTree = BUILT_PRODUCTS_DIR; };
		DB824BD73FDA1BA97A6CF2E0 /* Pods-CountryTests.debug.xcconfig */ = {isa = PBXFileReference; includeInIndex = 1; lastKnownFileType = text.xcconfig; name = "Pods-CountryTests.debug.xcconfig"; path = "Target Support Files/Pods-CountryTests/Pods-CountryTests.debug.xcconfig"; sourceTree = "<group>"; };
/* End PBXFileReference section */

/* Begin PBXFrameworksBuildPhase section */
		36A6FCA123D93B780090D895 /* Frameworks */ = {
			isa = PBXFrameworksBuildPhase;
			buildActionMask = 2147483647;
			files = (
				80E95D1FFC637EED09ECB292 /* Pods_Country.framework in Frameworks */,
			);
			runOnlyForDeploymentPostprocessing = 0;
		};
		36A6FCB723D93B7D0090D895 /* Frameworks */ = {
			isa = PBXFrameworksBuildPhase;
			buildActionMask = 2147483647;
			files = (
				26E6C3FC04CFBC4563303ECA /* Pods_CountryTests.framework in Frameworks */,
			);
			runOnlyForDeploymentPostprocessing = 0;
		};
		36A6FCC223D93B7D0090D895 /* Frameworks */ = {
			isa = PBXFrameworksBuildPhase;
			buildActionMask = 2147483647;
			files = (
				708DE3465BD2064D0FB9506D /* Pods_Country_CountryUITests.framework in Frameworks */,
			);
			runOnlyForDeploymentPostprocessing = 0;
		};
/* End PBXFrameworksBuildPhase section */

/* Begin PBXGroup section */
		3624A3DB23D9690D00940963 /* util */ = {
			isa = PBXGroup;
			children = (
				3624A3DC23D9693600940963 /* Extension_LanguageFeatures.swift */,
				3624A3DE23D969DF00940963 /* Extension_UIFont.swift */,
				3624A3E023D96A6F00940963 /* Extension_UIView.swift */,
				36E551CC23DA64DB00E405BB /* Extension_Data.swift */,
				36E551CE23DA66FF00E405BB /* ErrorResponse.swift */,
				36E551D023DA99B700E405BB /* Extension_UIImageView.swift */,
			);
			path = util;
			sourceTree = "<group>";
		};
		36A6FC9B23D93B780090D895 = {
			isa = PBXGroup;
			children = (
				36A6FCA623D93B780090D895 /* Country */,
				36A6FCBD23D93B7D0090D895 /* CountryTests */,
				36A6FCC823D93B7D0090D895 /* CountryUITests */,
				36A6FCA523D93B780090D895 /* Products */,
				91D88A259D64E942527A936F /* Pods */,
				DEE523139956F3BA856ED80C /* Frameworks */,
			);
			sourceTree = "<group>";
		};
		36A6FCA523D93B780090D895 /* Products */ = {
			isa = PBXGroup;
			children = (
				36A6FCA423D93B780090D895 /* Country.app */,
				36A6FCBA23D93B7D0090D895 /* CountryTests.xctest */,
				36A6FCC523D93B7D0090D895 /* CountryUITests.xctest */,
			);
			name = Products;
			sourceTree = "<group>";
		};
		36A6FCA623D93B780090D895 /* Country */ = {
			isa = PBXGroup;
			children = (
				36E551D523DAAE2700E405BB /* Nunito-Bold.ttf */,
				36E551D423DAAE2700E405BB /* Nunito-Regular.ttf */,
				36E551C723D978C800E405BB /* remote */,
				36E551C623D975D200E405BB /* Services */,
				3624A3DB23D9690D00940963 /* util */,
				36B5CE4F23D9447100554582 /* App */,
				36A6FCB523D93B7D0090D895 /* Info.plist */,
				36B5CE4E23D9433700554582 /* SearchCountry */,
				36E551C423D9717E00E405BB /* Images.xcassets */,
			);
			path = Country;
			sourceTree = "<group>";
		};
		36A6FCBD23D93B7D0090D895 /* CountryTests */ = {
			isa = PBXGroup;
			children = (
				36A6FCBE23D93B7D0090D895 /* CountryTests.swift */,
				36A6FCC023D93B7D0090D895 /* Info.plist */,
			);
			path = CountryTests;
			sourceTree = "<group>";
		};
		36A6FCC823D93B7D0090D895 /* CountryUITests */ = {
			isa = PBXGroup;
			children = (
				36A6FCC923D93B7D0090D895 /* CountryUITests.swift */,
				36A6FCCB23D93B7E0090D895 /* Info.plist */,
			);
			path = CountryUITests;
			sourceTree = "<group>";
		};
		36B5CE4E23D9433700554582 /* SearchCountry */ = {
			isa = PBXGroup;
			children = (
				36B5CE4623D9433100554582 /* SearchCountryRouter.swift */,
				36B5CE4723D9433100554582 /* SearchCountryViewController.swift */,
				36B5CE4823D9433100554582 /* SearchCountryBuilder.swift */,
				36B5CE4923D9433100554582 /* SearchCountryInteractor.swift */,
			);
			path = SearchCountry;
			sourceTree = "<group>";
		};
		36B5CE4F23D9447100554582 /* App */ = {
			isa = PBXGroup;
			children = (
				36A6FCA723D93B790090D895 /* AppDelegate.swift */,
				36B5CE5023D9455600554582 /* AppComponent.swift */,
			);
			path = App;
			sourceTree = "<group>";
		};
		36E551C623D975D200E405BB /* Services */ = {
			isa = PBXGroup;
			children = (
				36E551CA23D9803F00E405BB /* CountryService.swift */,
			);
			path = Services;
			sourceTree = "<group>";
		};
		36E551C723D978C800E405BB /* remote */ = {
			isa = PBXGroup;
			children = (
				36E551C823D978E400E405BB /* Country.swift */,
			);
			path = remote;
			sourceTree = "<group>";
		};
		91D88A259D64E942527A936F /* Pods */ = {
			isa = PBXGroup;
			children = (
				583D8A2FCA57FD33C0765324 /* Pods-Country.debug.xcconfig */,
				50564E3829C9786095471BCA /* Pods-Country.release.xcconfig */,
				14228477AC760E4BECD2E600 /* Pods-Country-CountryUITests.debug.xcconfig */,
				5F7151D471DC4A8E8EC85546 /* Pods-Country-CountryUITests.release.xcconfig */,
				DB824BD73FDA1BA97A6CF2E0 /* Pods-CountryTests.debug.xcconfig */,
				2DAE69915802183299BD64C6 /* Pods-CountryTests.release.xcconfig */,
			);
			path = Pods;
			sourceTree = "<group>";
		};
		DEE523139956F3BA856ED80C /* Frameworks */ = {
			isa = PBXGroup;
			children = (
				B7C80AE22438306236A9CAFD /* Pods_Country.framework */,
				4ECDD64D24092966C2349DD9 /* Pods_Country_CountryUITests.framework */,
				51824DFDFA1787038B36EF4C /* Pods_CountryTests.framework */,
			);
			name = Frameworks;
			sourceTree = "<group>";
		};
/* End PBXGroup section */

/* Begin PBXNativeTarget section */
		36A6FCA323D93B780090D895 /* Country */ = {
			isa = PBXNativeTarget;
			buildConfigurationList = 36A6FCCE23D93B7E0090D895 /* Build configuration list for PBXNativeTarget "Country" */;
			buildPhases = (
				D741DB3DD4523C77C50C37CE /* [CP] Check Pods Manifest.lock */,
				36A6FCA023D93B780090D895 /* Sources */,
				36A6FCA123D93B780090D895 /* Frameworks */,
				36A6FCA223D93B780090D895 /* Resources */,
				D435D9CDEC2DB0A52F5D78B6 /* [CP] Embed Pods Frameworks */,
			);
			buildRules = (
			);
			dependencies = (
			);
			name = Country;
			productName = Country;
			productReference = 36A6FCA423D93B780090D895 /* Country.app */;
			productType = "com.apple.product-type.application";
		};
		36A6FCB923D93B7D0090D895 /* CountryTests */ = {
			isa = PBXNativeTarget;
			buildConfigurationList = 36A6FCD123D93B7E0090D895 /* Build configuration list for PBXNativeTarget "CountryTests" */;
			buildPhases = (
				A8D2241FEFE9E30DF1DBC171 /* [CP] Check Pods Manifest.lock */,
				36A6FCB623D93B7D0090D895 /* Sources */,
				36A6FCB723D93B7D0090D895 /* Frameworks */,
				36A6FCB823D93B7D0090D895 /* Resources */,
			);
			buildRules = (
			);
			dependencies = (
				36A6FCBC23D93B7D0090D895 /* PBXTargetDependency */,
			);
			name = CountryTests;
			productName = CountryTests;
			productReference = 36A6FCBA23D93B7D0090D895 /* CountryTests.xctest */;
			productType = "com.apple.product-type.bundle.unit-test";
		};
		36A6FCC423D93B7D0090D895 /* CountryUITests */ = {
			isa = PBXNativeTarget;
			buildConfigurationList = 36A6FCD423D93B7E0090D895 /* Build configuration list for PBXNativeTarget "CountryUITests" */;
			buildPhases = (
				91E10CD8CEE17D9E4097D9BB /* [CP] Check Pods Manifest.lock */,
				36A6FCC123D93B7D0090D895 /* Sources */,
				36A6FCC223D93B7D0090D895 /* Frameworks */,
				36A6FCC323D93B7D0090D895 /* Resources */,
				341A7FAA326ACBD49D36E674 /* [CP] Embed Pods Frameworks */,
			);
			buildRules = (
			);
			dependencies = (
				36A6FCC723D93B7D0090D895 /* PBXTargetDependency */,
			);
			name = CountryUITests;
			productName = CountryUITests;
			productReference = 36A6FCC523D93B7D0090D895 /* CountryUITests.xctest */;
			productType = "com.apple.product-type.bundle.ui-testing";
		};
/* End PBXNativeTarget section */

/* Begin PBXProject section */
		36A6FC9C23D93B780090D895 /* Project object */ = {
			isa = PBXProject;
			attributes = {
				LastSwiftUpdateCheck = 1130;
				LastUpgradeCheck = 1130;
				ORGANIZATIONNAME = "Mark Anthony Fernandez";
				TargetAttributes = {
					36A6FCA323D93B780090D895 = {
						CreatedOnToolsVersion = 11.3;
					};
					36A6FCB923D93B7D0090D895 = {
						CreatedOnToolsVersion = 11.3;
						TestTargetID = 36A6FCA323D93B780090D895;
					};
					36A6FCC423D93B7D0090D895 = {
						CreatedOnToolsVersion = 11.3;
						TestTargetID = 36A6FCA323D93B780090D895;
					};
				};
			};
			buildConfigurationList = 36A6FC9F23D93B780090D895 /* Build configuration list for PBXProject "Country" */;
			compatibilityVersion = "Xcode 9.3";
			developmentRegion = en;
			hasScannedForEncodings = 0;
			knownRegions = (
				en,
				Base,
			);
			mainGroup = 36A6FC9B23D93B780090D895;
			productRefGroup = 36A6FCA523D93B780090D895 /* Products */;
			projectDirPath = "";
			projectRoot = "";
			targets = (
				36A6FCA323D93B780090D895 /* Country */,
				36A6FCB923D93B7D0090D895 /* CountryTests */,
				36A6FCC423D93B7D0090D895 /* CountryUITests */,
			);
		};
/* End PBXProject section */

/* Begin PBXResourcesBuildPhase section */
		36A6FCA223D93B780090D895 /* Resources */ = {
			isa = PBXResourcesBuildPhase;
			buildActionMask = 2147483647;
			files = (
				36E551D623DAAE2700E405BB /* Nunito-Regular.ttf in Resources */,
				36E551D723DAAE2700E405BB /* Nunito-Bold.ttf in Resources */,
				36E551C523D9717E00E405BB /* Images.xcassets in Resources */,
			);
			runOnlyForDeploymentPostprocessing = 0;
		};
		36A6FCB823D93B7D0090D895 /* Resources */ = {
			isa = PBXResourcesBuildPhase;
			buildActionMask = 2147483647;
			files = (
			);
			runOnlyForDeploymentPostprocessing = 0;
		};
		36A6FCC323D93B7D0090D895 /* Resources */ = {
			isa = PBXResourcesBuildPhase;
			buildActionMask = 2147483647;
			files = (
			);
			runOnlyForDeploymentPostprocessing = 0;
		};
/* End PBXResourcesBuildPhase section */

/* Begin PBXShellScriptBuildPhase section */
		341A7FAA326ACBD49D36E674 /* [CP] Embed Pods Frameworks */ = {
			isa = PBXShellScriptBuildPhase;
			buildActionMask = 2147483647;
			files = (
			);
			inputFileListPaths = (
				"${PODS_ROOT}/Target Support Files/Pods-Country-CountryUITests/Pods-Country-CountryUITests-frameworks-${CONFIGURATION}-input-files.xcfilelist",
			);
			name = "[CP] Embed Pods Frameworks";
			outputFileListPaths = (
				"${PODS_ROOT}/Target Support Files/Pods-Country-CountryUITests/Pods-Country-CountryUITests-frameworks-${CONFIGURATION}-output-files.xcfilelist",
			);
			runOnlyForDeploymentPostprocessing = 0;
			shellPath = /bin/sh;
			shellScript = "\"${PODS_ROOT}/Target Support Files/Pods-Country-CountryUITests/Pods-Country-CountryUITests-frameworks.sh\"\n";
			showEnvVarsInLog = 0;
		};
		91E10CD8CEE17D9E4097D9BB /* [CP] Check Pods Manifest.lock */ = {
			isa = PBXShellScriptBuildPhase;
			buildActionMask = 2147483647;
			files = (
			);
			inputFileListPaths = (
			);
			inputPaths = (
				"${PODS_PODFILE_DIR_PATH}/Podfile.lock",
				"${PODS_ROOT}/Manifest.lock",
			);
			name = "[CP] Check Pods Manifest.lock";
			outputFileListPaths = (
			);
			outputPaths = (
				"$(DERIVED_FILE_DIR)/Pods-Country-CountryUITests-checkManifestLockResult.txt",
			);
			runOnlyForDeploymentPostprocessing = 0;
			shellPath = /bin/sh;
			shellScript = "diff \"${PODS_PODFILE_DIR_PATH}/Podfile.lock\" \"${PODS_ROOT}/Manifest.lock\" > /dev/null\nif [ $? != 0 ] ; then\n    # print error to STDERR\n    echo \"error: The sandbox is not in sync with the Podfile.lock. Run 'pod install' or update your CocoaPods installation.\" >&2\n    exit 1\nfi\n# This output is used by Xcode 'outputs' to avoid re-running this script phase.\necho \"SUCCESS\" > \"${SCRIPT_OUTPUT_FILE_0}\"\n";
			showEnvVarsInLog = 0;
		};
		A8D2241FEFE9E30DF1DBC171 /* [CP] Check Pods Manifest.lock */ = {
			isa = PBXShellScriptBuildPhase;
			buildActionMask = 2147483647;
			files = (
			);
			inputFileListPaths = (
			);
			inputPaths = (
				"${PODS_PODFILE_DIR_PATH}/Podfile.lock",
				"${PODS_ROOT}/Manifest.lock",
			);
			name = "[CP] Check Pods Manifest.lock";
			outputFileListPaths = (
			);
			outputPaths = (
				"$(DERIVED_FILE_DIR)/Pods-CountryTests-checkManifestLockResult.txt",
			);
			runOnlyForDeploymentPostprocessing = 0;
			shellPath = /bin/sh;
			shellScript = "diff \"${PODS_PODFILE_DIR_PATH}/Podfile.lock\" \"${PODS_ROOT}/Manifest.lock\" > /dev/null\nif [ $? != 0 ] ; then\n    # print error to STDERR\n    echo \"error: The sandbox is not in sync with the Podfile.lock. Run 'pod install' or update your CocoaPods installation.\" >&2\n    exit 1\nfi\n# This output is used by Xcode 'outputs' to avoid re-running this script phase.\necho \"SUCCESS\" > \"${SCRIPT_OUTPUT_FILE_0}\"\n";
			showEnvVarsInLog = 0;
		};
		D435D9CDEC2DB0A52F5D78B6 /* [CP] Embed Pods Frameworks */ = {
			isa = PBXShellScriptBuildPhase;
			buildActionMask = 2147483647;
			files = (
			);
			inputFileListPaths = (
				"${PODS_ROOT}/Target Support Files/Pods-Country/Pods-Country-frameworks-${CONFIGURATION}-input-files.xcfilelist",
			);
			name = "[CP] Embed Pods Frameworks";
			outputFileListPaths = (
				"${PODS_ROOT}/Target Support Files/Pods-Country/Pods-Country-frameworks-${CONFIGURATION}-output-files.xcfilelist",
			);
			runOnlyForDeploymentPostprocessing = 0;
			shellPath = /bin/sh;
			shellScript = "\"${PODS_ROOT}/Target Support Files/Pods-Country/Pods-Country-frameworks.sh\"\n";
			showEnvVarsInLog = 0;
		};
		D741DB3DD4523C77C50C37CE /* [CP] Check Pods Manifest.lock */ = {
			isa = PBXShellScriptBuildPhase;
			buildActionMask = 2147483647;
			files = (
			);
			inputFileListPaths = (
			);
			inputPaths = (
				"${PODS_PODFILE_DIR_PATH}/Podfile.lock",
				"${PODS_ROOT}/Manifest.lock",
			);
			name = "[CP] Check Pods Manifest.lock";
			outputFileListPaths = (
			);
			outputPaths = (
				"$(DERIVED_FILE_DIR)/Pods-Country-checkManifestLockResult.txt",
			);
			runOnlyForDeploymentPostprocessing = 0;
			shellPath = /bin/sh;
			shellScript = "diff \"${PODS_PODFILE_DIR_PATH}/Podfile.lock\" \"${PODS_ROOT}/Manifest.lock\" > /dev/null\nif [ $? != 0 ] ; then\n    # print error to STDERR\n    echo \"error: The sandbox is not in sync with the Podfile.lock. Run 'pod install' or update your CocoaPods installation.\" >&2\n    exit 1\nfi\n# This output is used by Xcode 'outputs' to avoid re-running this script phase.\necho \"SUCCESS\" > \"${SCRIPT_OUTPUT_FILE_0}\"\n";
			showEnvVarsInLog = 0;
		};
/* End PBXShellScriptBuildPhase section */

/* Begin PBXSourcesBuildPhase section */
		36A6FCA023D93B780090D895 /* Sources */ = {
			isa = PBXSourcesBuildPhase;
			buildActionMask = 2147483647;
			files = (
				36B5CE5123D9455600554582 /* AppComponent.swift in Sources */,
				36B5CE4D23D9433100554582 /* SearchCountryInteractor.swift in Sources */,
				36E551D123DA99B700E405BB /* Extension_UIImageView.swift in Sources */,
				3624A3DF23D969DF00940963 /* Extension_UIFont.swift in Sources */,
				3624A3DD23D9693600940963 /* Extension_LanguageFeatures.swift in Sources */,
				36B5CE4C23D9433100554582 /* SearchCountryBuilder.swift in Sources */,
				36E551CD23DA64DC00E405BB /* Extension_Data.swift in Sources */,
				36E551C923D978E400E405BB /* Country.swift in Sources */,
				3624A3E123D96A6F00940963 /* Extension_UIView.swift in Sources */,
				36E551CB23D9803F00E405BB /* CountryService.swift in Sources */,
				36B5CE4B23D9433100554582 /* SearchCountryViewController.swift in Sources */,
				36A6FCA823D93B790090D895 /* AppDelegate.swift in Sources */,
				36B5CE4A23D9433100554582 /* SearchCountryRouter.swift in Sources */,
				36E551CF23DA66FF00E405BB /* ErrorResponse.swift in Sources */,
			);
			runOnlyForDeploymentPostprocessing = 0;
		};
		36A6FCB623D93B7D0090D895 /* Sources */ = {
			isa = PBXSourcesBuildPhase;
			buildActionMask = 2147483647;
			files = (
				36A6FCBF23D93B7D0090D895 /* CountryTests.swift in Sources */,
			);
			runOnlyForDeploymentPostprocessing = 0;
		};
		36A6FCC123D93B7D0090D895 /* Sources */ = {
			isa = PBXSourcesBuildPhase;
			buildActionMask = 2147483647;
			files = (
				36A6FCCA23D93B7D0090D895 /* CountryUITests.swift in Sources */,
			);
			runOnlyForDeploymentPostprocessing = 0;
		};
/* End PBXSourcesBuildPhase section */

/* Begin PBXTargetDependency section */
		36A6FCBC23D93B7D0090D895 /* PBXTargetDependency */ = {
			isa = PBXTargetDependency;
			target = 36A6FCA323D93B780090D895 /* Country */;
			targetProxy = 36A6FCBB23D93B7D0090D895 /* PBXContainerItemProxy */;
		};
		36A6FCC723D93B7D0090D895 /* PBXTargetDependency */ = {
			isa = PBXTargetDependency;
			target = 36A6FCA323D93B780090D895 /* Country */;
			targetProxy = 36A6FCC623D93B7D0090D895 /* PBXContainerItemProxy */;
		};
/* End PBXTargetDependency section */

/* Begin XCBuildConfiguration section */
		36A6FCCC23D93B7E0090D895 /* Debug */ = {
			isa = XCBuildConfiguration;
			buildSettings = {
				ALWAYS_SEARCH_USER_PATHS = NO;
				CLANG_ANALYZER_NONNULL = YES;
				CLANG_ANALYZER_NUMBER_OBJECT_CONVERSION = YES_AGGRESSIVE;
				CLANG_CXX_LANGUAGE_STANDARD = "gnu++14";
				CLANG_CXX_LIBRARY = "libc++";
				CLANG_ENABLE_MODULES = YES;
				CLANG_ENABLE_OBJC_ARC = YES;
				CLANG_ENABLE_OBJC_WEAK = YES;
				CLANG_WARN_BLOCK_CAPTURE_AUTORELEASING = YES;
				CLANG_WARN_BOOL_CONVERSION = YES;
				CLANG_WARN_COMMA = YES;
				CLANG_WARN_CONSTANT_CONVERSION = YES;
				CLANG_WARN_DEPRECATED_OBJC_IMPLEMENTATIONS = YES;
				CLANG_WARN_DIRECT_OBJC_ISA_USAGE = YES_ERROR;
				CLANG_WARN_DOCUMENTATION_COMMENTS = YES;
				CLANG_WARN_EMPTY_BODY = YES;
				CLANG_WARN_ENUM_CONVERSION = YES;
				CLANG_WARN_INFINITE_RECURSION = YES;
				CLANG_WARN_INT_CONVERSION = YES;
				CLANG_WARN_NON_LITERAL_NULL_CONVERSION = YES;
				CLANG_WARN_OBJC_IMPLICIT_RETAIN_SELF = YES;
				CLANG_WARN_OBJC_LITERAL_CONVERSION = YES;
				CLANG_WARN_OBJC_ROOT_CLASS = YES_ERROR;
				CLANG_WARN_RANGE_LOOP_ANALYSIS = YES;
				CLANG_WARN_STRICT_PROTOTYPES = YES;
				CLANG_WARN_SUSPICIOUS_MOVE = YES;
				CLANG_WARN_UNGUARDED_AVAILABILITY = YES_AGGRESSIVE;
				CLANG_WARN_UNREACHABLE_CODE = YES;
				CLANG_WARN__DUPLICATE_METHOD_MATCH = YES;
				COPY_PHASE_STRIP = NO;
				DEBUG_INFORMATION_FORMAT = dwarf;
				ENABLE_STRICT_OBJC_MSGSEND = YES;
				ENABLE_TESTABILITY = YES;
				GCC_C_LANGUAGE_STANDARD = gnu11;
				GCC_DYNAMIC_NO_PIC = NO;
				GCC_NO_COMMON_BLOCKS = YES;
				GCC_OPTIMIZATION_LEVEL = 0;
				GCC_PREPROCESSOR_DEFINITIONS = (
					"DEBUG=1",
					"$(inherited)",
				);
				GCC_WARN_64_TO_32_BIT_CONVERSION = YES;
				GCC_WARN_ABOUT_RETURN_TYPE = YES_ERROR;
				GCC_WARN_UNDECLARED_SELECTOR = YES;
				GCC_WARN_UNINITIALIZED_AUTOS = YES_AGGRESSIVE;
				GCC_WARN_UNUSED_FUNCTION = YES;
				GCC_WARN_UNUSED_VARIABLE = YES;
				IPHONEOS_DEPLOYMENT_TARGET = 13.2;
				MTL_ENABLE_DEBUG_INFO = INCLUDE_SOURCE;
				MTL_FAST_MATH = YES;
				ONLY_ACTIVE_ARCH = YES;
				SDKROOT = iphoneos;
				SWIFT_ACTIVE_COMPILATION_CONDITIONS = DEBUG;
				SWIFT_OPTIMIZATION_LEVEL = "-Onone";
			};
			name = Debug;
		};
		36A6FCCD23D93B7E0090D895 /* Release */ = {
			isa = XCBuildConfiguration;
			buildSettings = {
				ALWAYS_SEARCH_USER_PATHS = NO;
				CLANG_ANALYZER_NONNULL = YES;
				CLANG_ANALYZER_NUMBER_OBJECT_CONVERSION = YES_AGGRESSIVE;
				CLANG_CXX_LANGUAGE_STANDARD = "gnu++14";
				CLANG_CXX_LIBRARY = "libc++";
				CLANG_ENABLE_MODULES = YES;
				CLANG_ENABLE_OBJC_ARC = YES;
				CLANG_ENABLE_OBJC_WEAK = YES;
				CLANG_WARN_BLOCK_CAPTURE_AUTORELEASING = YES;
				CLANG_WARN_BOOL_CONVERSION = YES;
				CLANG_WARN_COMMA = YES;
				CLANG_WARN_CONSTANT_CONVERSION = YES;
				CLANG_WARN_DEPRECATED_OBJC_IMPLEMENTATIONS = YES;
				CLANG_WARN_DIRECT_OBJC_ISA_USAGE = YES_ERROR;
				CLANG_WARN_DOCUMENTATION_COMMENTS = YES;
				CLANG_WARN_EMPTY_BODY = YES;
				CLANG_WARN_ENUM_CONVERSION = YES;
				CLANG_WARN_INFINITE_RECURSION = YES;
				CLANG_WARN_INT_CONVERSION = YES;
				CLANG_WARN_NON_LITERAL_NULL_CONVERSION = YES;
				CLANG_WARN_OBJC_IMPLICIT_RETAIN_SELF = YES;
				CLANG_WARN_OBJC_LITERAL_CONVERSION = YES;
				CLANG_WARN_OBJC_ROOT_CLASS = YES_ERROR;
				CLANG_WARN_RANGE_LOOP_ANALYSIS = YES;
				CLANG_WARN_STRICT_PROTOTYPES = YES;
				CLANG_WARN_SUSPICIOUS_MOVE = YES;
				CLANG_WARN_UNGUARDED_AVAILABILITY = YES_AGGRESSIVE;
				CLANG_WARN_UNREACHABLE_CODE = YES;
				CLANG_WARN__DUPLICATE_METHOD_MATCH = YES;
				COPY_PHASE_STRIP = NO;
				DEBUG_INFORMATION_FORMAT = "dwarf-with-dsym";
				ENABLE_NS_ASSERTIONS = NO;
				ENABLE_STRICT_OBJC_MSGSEND = YES;
				GCC_C_LANGUAGE_STANDARD = gnu11;
				GCC_NO_COMMON_BLOCKS = YES;
				GCC_WARN_64_TO_32_BIT_CONVERSION = YES;
				GCC_WARN_ABOUT_RETURN_TYPE = YES_ERROR;
				GCC_WARN_UNDECLARED_SELECTOR = YES;
				GCC_WARN_UNINITIALIZED_AUTOS = YES_AGGRESSIVE;
				GCC_WARN_UNUSED_FUNCTION = YES;
				GCC_WARN_UNUSED_VARIABLE = YES;
				IPHONEOS_DEPLOYMENT_TARGET = 13.2;
				MTL_ENABLE_DEBUG_INFO = NO;
				MTL_FAST_MATH = YES;
				SDKROOT = iphoneos;
				SWIFT_COMPILATION_MODE = wholemodule;
				SWIFT_OPTIMIZATION_LEVEL = "-O";
				VALIDATE_PRODUCT = YES;
			};
			name = Release;
		};
		36A6FCCF23D93B7E0090D895 /* Debug */ = {
			isa = XCBuildConfiguration;
			baseConfigurationReference = 583D8A2FCA57FD33C0765324 /* Pods-Country.debug.xcconfig */;
			buildSettings = {
				ASSETCATALOG_COMPILER_APPICON_NAME = AppIcon;
				CODE_SIGN_STYLE = Automatic;
				DEVELOPMENT_TEAM = 78JP3UM8Q7;
				INFOPLIST_FILE = Country/Info.plist;
				LD_RUNPATH_SEARCH_PATHS = (
					"$(inherited)",
					"@executable_path/Frameworks",
				);
				PRODUCT_BUNDLE_IDENTIFIER = com.mark.sample.Country;
				PRODUCT_NAME = "$(TARGET_NAME)";
				SWIFT_VERSION = 5.0;
				TARGETED_DEVICE_FAMILY = "1,2";
			};
			name = Debug;
		};
		36A6FCD023D93B7E0090D895 /* Release */ = {
			isa = XCBuildConfiguration;
			baseConfigurationReference = 50564E3829C9786095471BCA /* Pods-Country.release.xcconfig */;
			buildSettings = {
				ASSETCATALOG_COMPILER_APPICON_NAME = AppIcon;
				CODE_SIGN_STYLE = Automatic;
				DEVELOPMENT_TEAM = 78JP3UM8Q7;
				INFOPLIST_FILE = Country/Info.plist;
				LD_RUNPATH_SEARCH_PATHS = (
					"$(inherited)",
					"@executable_path/Frameworks",
				);
				PRODUCT_BUNDLE_IDENTIFIER = com.mark.sample.Country;
				PRODUCT_NAME = "$(TARGET_NAME)";
				SWIFT_VERSION = 5.0;
				TARGETED_DEVICE_FAMILY = "1,2";
			};
			name = Release;
		};
		36A6FCD223D93B7E0090D895 /* Debug */ = {
			isa = XCBuildConfiguration;
			baseConfigurationReference = DB824BD73FDA1BA97A6CF2E0 /* Pods-CountryTests.debug.xcconfig */;
			buildSettings = {
				ALWAYS_EMBED_SWIFT_STANDARD_LIBRARIES = YES;
				BUNDLE_LOADER = "$(TEST_HOST)";
				CODE_SIGN_STYLE = Automatic;
				DEVELOPMENT_TEAM = 78JP3UM8Q7;
				INFOPLIST_FILE = CountryTests/Info.plist;
				IPHONEOS_DEPLOYMENT_TARGET = 13.2;
				LD_RUNPATH_SEARCH_PATHS = (
					"$(inherited)",
					"@executable_path/Frameworks",
					"@loader_path/Frameworks",
				);
				PRODUCT_BUNDLE_IDENTIFIER = com.mark.sample.CountryTests;
				PRODUCT_NAME = "$(TARGET_NAME)";
				SWIFT_VERSION = 5.0;
				TARGETED_DEVICE_FAMILY = "1,2";
				TEST_HOST = "$(BUILT_PRODUCTS_DIR)/Country.app/Country";
			};
			name = Debug;
		};
		36A6FCD323D93B7E0090D895 /* Release */ = {
			isa = XCBuildConfiguration;
			baseConfigurationReference = 2DAE69915802183299BD64C6 /* Pods-CountryTests.release.xcconfig */;
			buildSettings = {
				ALWAYS_EMBED_SWIFT_STANDARD_LIBRARIES = YES;
				BUNDLE_LOADER = "$(TEST_HOST)";
				CODE_SIGN_STYLE = Automatic;
				DEVELOPMENT_TEAM = 78JP3UM8Q7;
				INFOPLIST_FILE = CountryTests/Info.plist;
				IPHONEOS_DEPLOYMENT_TARGET = 13.2;
				LD_RUNPATH_SEARCH_PATHS = (
					"$(inherited)",
					"@executable_path/Frameworks",
					"@loader_path/Frameworks",
				);
				PRODUCT_BUNDLE_IDENTIFIER = com.mark.sample.CountryTests;
				PRODUCT_NAME = "$(TARGET_NAME)";
				SWIFT_VERSION = 5.0;
				TARGETED_DEVICE_FAMILY = "1,2";
				TEST_HOST = "$(BUILT_PRODUCTS_DIR)/Country.app/Country";
			};
			name = Release;
		};
		36A6FCD523D93B7E0090D895 /* Debug */ = {
			isa = XCBuildConfiguration;
			baseConfigurationReference = 14228477AC760E4BECD2E600 /* Pods-Country-CountryUITests.debug.xcconfig */;
			buildSettings = {
				ALWAYS_EMBED_SWIFT_STANDARD_LIBRARIES = YES;
				CODE_SIGN_STYLE = Automatic;
				DEVELOPMENT_TEAM = 78JP3UM8Q7;
				INFOPLIST_FILE = CountryUITests/Info.plist;
				LD_RUNPATH_SEARCH_PATHS = (
					"$(inherited)",
					"@executable_path/Frameworks",
					"@loader_path/Frameworks",
				);
				PRODUCT_BUNDLE_IDENTIFIER = com.mark.sample.CountryUITests;
				PRODUCT_NAME = "$(TARGET_NAME)";
				SWIFT_VERSION = 5.0;
				TARGETED_DEVICE_FAMILY = "1,2";
				TEST_TARGET_NAME = Country;
			};
			name = Debug;
		};
		36A6FCD623D93B7E0090D895 /* Release */ = {
			isa = XCBuildConfiguration;
			baseConfigurationReference = 5F7151D471DC4A8E8EC85546 /* Pods-Country-CountryUITests.release.xcconfig */;
			buildSettings = {
				ALWAYS_EMBED_SWIFT_STANDARD_LIBRARIES = YES;
				CODE_SIGN_STYLE = Automatic;
				DEVELOPMENT_TEAM = 78JP3UM8Q7;
				INFOPLIST_FILE = CountryUITests/Info.plist;
				LD_RUNPATH_SEARCH_PATHS = (
					"$(inherited)",
					"@executable_path/Frameworks",
					"@loader_path/Frameworks",
				);
				PRODUCT_BUNDLE_IDENTIFIER = com.mark.sample.CountryUITests;
				PRODUCT_NAME = "$(TARGET_NAME)";
				SWIFT_VERSION = 5.0;
				TARGETED_DEVICE_FAMILY = "1,2";
				TEST_TARGET_NAME = Country;
			};
			name = Release;
		};
/* End XCBuildConfiguration section */

/* Begin XCConfigurationList section */
		36A6FC9F23D93B780090D895 /* Build configuration list for PBXProject "Country" */ = {
			isa = XCConfigurationList;
			buildConfigurations = (
				36A6FCCC23D93B7E0090D895 /* Debug */,
				36A6FCCD23D93B7E0090D895 /* Release */,
			);
			defaultConfigurationIsVisible = 0;
			defaultConfigurationName = Release;
		};
		36A6FCCE23D93B7E0090D895 /* Build configuration list for PBXNativeTarget "Country" */ = {
			isa = XCConfigurationList;
			buildConfigurations = (
				36A6FCCF23D93B7E0090D895 /* Debug */,
				36A6FCD023D93B7E0090D895 /* Release */,
			);
			defaultConfigurationIsVisible = 0;
			defaultConfigurationName = Release;
		};
		36A6FCD123D93B7E0090D895 /* Build configuration list for PBXNativeTarget "CountryTests" */ = {
			isa = XCConfigurationList;
			buildConfigurations = (
				36A6FCD223D93B7E0090D895 /* Debug */,
				36A6FCD323D93B7E0090D895 /* Release */,
			);
			defaultConfigurationIsVisible = 0;
			defaultConfigurationName = Release;
		};
		36A6FCD423D93B7E0090D895 /* Build configuration list for PBXNativeTarget "CountryUITests" */ = {
			isa = XCConfigurationList;
			buildConfigurations = (
				36A6FCD523D93B7E0090D895 /* Debug */,
				36A6FCD623D93B7E0090D895 /* Release */,
			);
			defaultConfigurationIsVisible = 0;
			defaultConfigurationName = Release;
		};
/* End XCConfigurationList section */
	};
	rootObject = 36A6FC9C23D93B780090D895 /* Project object */;
}
